
Microsoft Visual Studio Solution File, Format Version 12.00
# Visual Studio Version 17
VisualStudioVersion = 17.5.33516.290
MinimumVisualStudioVersion = 10.0.40219.1
Project("{FAE04EC0-301F-11D3-BF4B-00C04F79EFBC}") = "3_27", "3_27\3_27.csproj", "{CF98F2AC-372D-4419-857D-CBE70549B2F7}"
EndProject
Global
	GlobalSection(SolutionConfigurationPlatforms) = preSolution
		Debug|Any CPU = Debug|Any CPU
		Release|Any CPU = Release|Any CPU
	EndGlobalSection
	GlobalSection(ProjectConfigurationPlatforms) = postSolution
		{CF98F2AC-372D-4419-857D-CBE70549B2F7}.Debug|Any CPU.ActiveCfg = Debug|Any CPU
		{CF98F2AC-372D-4419-857D-CBE70549B2F7}.Debug|Any CPU.Build.0 = Debug|Any CPU
		{CF98F2AC-372D-4419-857D-CBE70549B2F7}.Release|Any CPU.ActiveCfg = Release|Any CPU
		{CF98F2AC-372D-4419-857D-CBE70549B2F7}.Release|Any CPU.Build.0 = Release|Any CPU
	EndGlobalSection
	GlobalSection(SolutionProperties) = preSolution
		HideSolutionNode = FALSE
	EndGlobalSection
	GlobalSection(ExtensibilityGlobals) = postSolution
		SolutionGuid = {6F4D0E0F-86B8-4694-8894-9B0EF85F94FC}
	EndGlobalSection
EndGlobal
