
Microsoft Visual Studio Solution File, Format Version 12.00
# Visual Studio Version 16
VisualStudioVersion = 16.0.32802.440
MinimumVisualStudioVersion = 10.0.40219.1
Project("{FAE04EC0-301F-11D3-BF4B-00C04F79EFBC}") = "4_10", "4_10.csproj", "{D6003E29-132E-4462-9B46-F9FEF39B5A75}"
EndProject
Global
	GlobalSection(SolutionConfigurationPlatforms) = preSolution
		Debug|Any CPU = Debug|Any CPU
		Release|Any CPU = Release|Any CPU
	EndGlobalSection
	GlobalSection(ProjectConfigurationPlatforms) = postSolution
		{D6003E29-132E-4462-9B46-F9FEF39B5A75}.Debug|Any CPU.ActiveCfg = Debug|Any CPU
		{D6003E29-132E-4462-9B46-F9FEF39B5A75}.Debug|Any CPU.Build.0 = Debug|Any CPU
		{D6003E29-132E-4462-9B46-F9FEF39B5A75}.Release|Any CPU.ActiveCfg = Release|Any CPU
		{D6003E29-132E-4462-9B46-F9FEF39B5A75}.Release|Any CPU.Build.0 = Release|Any CPU
	EndGlobalSection
	GlobalSection(SolutionProperties) = preSolution
		HideSolutionNode = FALSE
	EndGlobalSection
	GlobalSection(ExtensibilityGlobals) = postSolution
		SolutionGuid = {CFBAB9CC-06E0-410E-BDB3-C932C99EF17D}
	EndGlobalSection
EndGlobal
