
Microsoft Visual Studio Solution File, Format Version 12.00
# Visual Studio Version 16
VisualStudioVersion = 16.0.32802.440
MinimumVisualStudioVersion = 10.0.40219.1
Project("{FAE04EC0-301F-11D3-BF4B-00C04F79EFBC}") = "4_14", "4_14.csproj", "{740A9320-57D6-4C80-9CAE-FD50F28F29BB}"
EndProject
Global
	GlobalSection(SolutionConfigurationPlatforms) = preSolution
		Debug|Any CPU = Debug|Any CPU
		Release|Any CPU = Release|Any CPU
	EndGlobalSection
	GlobalSection(ProjectConfigurationPlatforms) = postSolution
		{740A9320-57D6-4C80-9CAE-FD50F28F29BB}.Debug|Any CPU.ActiveCfg = Debug|Any CPU
		{740A9320-57D6-4C80-9CAE-FD50F28F29BB}.Debug|Any CPU.Build.0 = Debug|Any CPU
		{740A9320-57D6-4C80-9CAE-FD50F28F29BB}.Release|Any CPU.ActiveCfg = Release|Any CPU
		{740A9320-57D6-4C80-9CAE-FD50F28F29BB}.Release|Any CPU.Build.0 = Release|Any CPU
	EndGlobalSection
	GlobalSection(SolutionProperties) = preSolution
		HideSolutionNode = FALSE
	EndGlobalSection
	GlobalSection(ExtensibilityGlobals) = postSolution
		SolutionGuid = {AC7B2AED-6A46-4E43-B31C-DC6839EC11B3}
	EndGlobalSection
EndGlobal
