
Microsoft Visual Studio Solution File, Format Version 12.00
# Visual Studio Version 16
VisualStudioVersion = 16.0.32802.440
MinimumVisualStudioVersion = 10.0.40219.1
Project("{FAE04EC0-301F-11D3-BF4B-00C04F79EFBC}") = "3_17", "3_17\3_17.csproj", "{834232BB-1259-40F2-9B4B-EADEA6E7A4F4}"
EndProject
Global
	GlobalSection(SolutionConfigurationPlatforms) = preSolution
		Debug|Any CPU = Debug|Any CPU
		Release|Any CPU = Release|Any CPU
	EndGlobalSection
	GlobalSection(ProjectConfigurationPlatforms) = postSolution
		{834232BB-1259-40F2-9B4B-EADEA6E7A4F4}.Debug|Any CPU.ActiveCfg = Debug|Any CPU
		{834232BB-1259-40F2-9B4B-EADEA6E7A4F4}.Debug|Any CPU.Build.0 = Debug|Any CPU
		{834232BB-1259-40F2-9B4B-EADEA6E7A4F4}.Release|Any CPU.ActiveCfg = Release|Any CPU
		{834232BB-1259-40F2-9B4B-EADEA6E7A4F4}.Release|Any CPU.Build.0 = Release|Any CPU
	EndGlobalSection
	GlobalSection(SolutionProperties) = preSolution
		HideSolutionNode = FALSE
	EndGlobalSection
	GlobalSection(ExtensibilityGlobals) = postSolution
		SolutionGuid = {70267BFC-325B-4593-B826-57857E5D4BCB}
	EndGlobalSection
EndGlobal
